
Microsoft Visual Studio Solution File, Format Version 12.00
Project("{FAE04EC0-301F-11D3-BF4B-00C04F79EFBC}") = "Plugin-Sisense", "Plugin-Sisense\Plugin-Sisense.csproj", "{0EB60B85-DCD1-4C53-89CC-004C4B4E25B4}"
EndProject
Project("{FAE04EC0-301F-11D3-BF4B-00C04F79EFBC}") = "Plugin-Sisense.Test", "Plugin-Sisense.Test\Plugin-Sisense.Test.csproj", "{D985095D-FD45-4514-84E0-640167AEBD7D}"
EndProject
Global
	GlobalSection(SolutionConfigurationPlatforms) = preSolution
		Debug|Any CPU = Debug|Any CPU
		Release|Any CPU = Release|Any CPU
	EndGlobalSection
	GlobalSection(ProjectConfigurationPlatforms) = postSolution
		{0EB60B85-DCD1-4C53-89CC-004C4B4E25B4}.Debug|Any CPU.ActiveCfg = Debug|Any CPU
		{0EB60B85-DCD1-4C53-89CC-004C4B4E25B4}.Debug|Any CPU.Build.0 = Debug|Any CPU
		{0EB60B85-DCD1-4C53-89CC-004C4B4E25B4}.Release|Any CPU.ActiveCfg = Release|Any CPU
		{0EB60B85-DCD1-4C53-89CC-004C4B4E25B4}.Release|Any CPU.Build.0 = Release|Any CPU
		{D985095D-FD45-4514-84E0-640167AEBD7D}.Debug|Any CPU.ActiveCfg = Debug|Any CPU
		{D985095D-FD45-4514-84E0-640167AEBD7D}.Debug|Any CPU.Build.0 = Debug|Any CPU
		{D985095D-FD45-4514-84E0-640167AEBD7D}.Release|Any CPU.ActiveCfg = Release|Any CPU
		{D985095D-FD45-4514-84E0-640167AEBD7D}.Release|Any CPU.Build.0 = Release|Any CPU
	EndGlobalSection
EndGlobal
